
Microsoft Visual Studio Solution File, Format Version 12.00
# Visual Studio Version 17
VisualStudioVersion = 17.2.32427.441
MinimumVisualStudioVersion = 10.0.40219.1
Project("{9A19103F-16F7-4668-BE54-9A1E7A4F7556}") = "HealthCare.SharedAssets", "HealthCare.SharedAssets\HealthCare.SharedAssets.csproj", "{FBA58FAE-8AB2-43DD-A4E5-10BE7D0381A3}"
EndProject
Project("{9A19103F-16F7-4668-BE54-9A1E7A4F7556}") = "HealthCare.Patients.Api", "HealthCare.Patients.Api\HealthCare.Patients.Api.csproj", "{55D6761F-6F98-4A78-B20E-678FEB96A6B7}"
EndProject
Project("{FAE04EC0-301F-11D3-BF4B-00C04F79EFBC}") = "HealthCare.Appointments.MongoDb.Api", "HealthCare.Appointments.MongoDb.Api\HealthCare.Appointments.MongoDb.Api.csproj", "{76E35F72-A9B7-4F86-96E0-2E93D1DEEBA3}"
EndProject
Global
	GlobalSection(SolutionConfigurationPlatforms) = preSolution
		Debug|Any CPU = Debug|Any CPU
		Release|Any CPU = Release|Any CPU
	EndGlobalSection
	GlobalSection(ProjectConfigurationPlatforms) = postSolution
		{FBA58FAE-8AB2-43DD-A4E5-10BE7D0381A3}.Debug|Any CPU.ActiveCfg = Debug|Any CPU
		{FBA58FAE-8AB2-43DD-A4E5-10BE7D0381A3}.Debug|Any CPU.Build.0 = Debug|Any CPU
		{FBA58FAE-8AB2-43DD-A4E5-10BE7D0381A3}.Release|Any CPU.ActiveCfg = Release|Any CPU
		{FBA58FAE-8AB2-43DD-A4E5-10BE7D0381A3}.Release|Any CPU.Build.0 = Release|Any CPU
		{55D6761F-6F98-4A78-B20E-678FEB96A6B7}.Debug|Any CPU.ActiveCfg = Debug|Any CPU
		{55D6761F-6F98-4A78-B20E-678FEB96A6B7}.Debug|Any CPU.Build.0 = Debug|Any CPU
		{55D6761F-6F98-4A78-B20E-678FEB96A6B7}.Release|Any CPU.ActiveCfg = Release|Any CPU
		{55D6761F-6F98-4A78-B20E-678FEB96A6B7}.Release|Any CPU.Build.0 = Release|Any CPU
		{76E35F72-A9B7-4F86-96E0-2E93D1DEEBA3}.Debug|Any CPU.ActiveCfg = Debug|Any CPU
		{76E35F72-A9B7-4F86-96E0-2E93D1DEEBA3}.Debug|Any CPU.Build.0 = Debug|Any CPU
		{76E35F72-A9B7-4F86-96E0-2E93D1DEEBA3}.Release|Any CPU.ActiveCfg = Release|Any CPU
		{76E35F72-A9B7-4F86-96E0-2E93D1DEEBA3}.Release|Any CPU.Build.0 = Release|Any CPU
	EndGlobalSection
	GlobalSection(SolutionProperties) = preSolution
		HideSolutionNode = FALSE
	EndGlobalSection
	GlobalSection(ExtensibilityGlobals) = postSolution
		SolutionGuid = {545B3F07-D3BD-423A-B74E-E8A2CAE4FE53}
	EndGlobalSection
EndGlobal
